
Microsoft Visual Studio Solution File, Format Version 12.00
# Visual Studio Version 17
VisualStudioVersion = 17.9.34723.18
MinimumVisualStudioVersion = 10.0.40219.1
Project("{FAE04EC0-301F-11D3-BF4B-00C04F79EFBC}") = "Primavera", "Primavera.csproj", "{3235F82A-F05A-4CD5-A447-226C4DD44348}"
EndProject
Global
	GlobalSection(SolutionConfigurationPlatforms) = preSolution
		Debug|Any CPU = Debug|Any CPU
		Release|Any CPU = Release|Any CPU
	EndGlobalSection
	GlobalSection(ProjectConfigurationPlatforms) = postSolution
		{3235F82A-F05A-4CD5-A447-226C4DD44348}.Debug|Any CPU.ActiveCfg = Debug|Any CPU
		{3235F82A-F05A-4CD5-A447-226C4DD44348}.Debug|Any CPU.Build.0 = Debug|Any CPU
		{3235F82A-F05A-4CD5-A447-226C4DD44348}.Release|Any CPU.ActiveCfg = Release|Any CPU
		{3235F82A-F05A-4CD5-A447-226C4DD44348}.Release|Any CPU.Build.0 = Release|Any CPU
	EndGlobalSection
	GlobalSection(SolutionProperties) = preSolution
		HideSolutionNode = FALSE
	EndGlobalSection
	GlobalSection(ExtensibilityGlobals) = postSolution
		SolutionGuid = {026813F1-2567-439A-8532-45FA0EBDD470}
	EndGlobalSection
EndGlobal
